// !$*UTF8*$!
{
	archiveVersion = 1;
	classes = {
	};
	objectVersion = 77;
	objects = {

/* Begin PBXContainerItemProxy section */
		6F5DD2582D1036E9004C3465 /* PBXContainerItemProxy */ = {
			isa = PBXContainerItemProxy;
			containerPortal = 6F5DD23F2D1036E7004C3465 /* Project object */;
			proxyType = 1;
			remoteGlobalIDString = 6F5DD2462D1036E7004C3465;
			remoteInfo = SlotPokerGameServer;
		};
		6F5DD2622D1036E9004C3465 /* PBXContainerItemProxy */ = {
			isa = PBXContainerItemProxy;
			containerPortal = 6F5DD23F2D1036E7004C3465 /* Project object */;
			proxyType = 1;
			remoteGlobalIDString = 6F5DD2462D1036E7004C3465;
			remoteInfo = SlotPokerGameServer;
		};
/* End PBXContainerItemProxy section */

/* Begin PBXFileReference section */
		6F5DD2472D1036E7004C3465 /* SlotPokerGameServer.app */ = {isa = PBXFileReference; explicitFileType = wrapper.application; includeInIndex = 0; path = SlotPokerGameServer.app; sourceTree = BUILT_PRODUCTS_DIR; };
		6F5DD2572D1036E9004C3465 /* SlotPokerGameServerTests.xctest */ = {isa = PBXFileReference; explicitFileType = wrapper.cfbundle; includeInIndex = 0; path = SlotPokerGameServerTests.xctest; sourceTree = BUILT_PRODUCTS_DIR; };
		6F5DD2612D1036E9004C3465 /* SlotPokerGameServerUITests.xctest */ = {isa = PBXFileReference; explicitFileType = wrapper.cfbundle; includeInIndex = 0; path = SlotPokerGameServerUITests.xctest; sourceTree = BUILT_PRODUCTS_DIR; };
/* End PBXFileReference section */

/* Begin PBXFileSystemSynchronizedRootGroup section */
		6F5DD2492D1036E7004C3465 /* SlotPokerGameServer */ = {
			isa = PBXFileSystemSynchronizedRootGroup;
			path = SlotPokerGameServer;
			sourceTree = "<group>";
		};
		6F5DD25A2D1036E9004C3465 /* SlotPokerGameServerTests */ = {
			isa = PBXFileSystemSynchronizedRootGroup;
			path = SlotPokerGameServerTests;
			sourceTree = "<group>";
		};
		6F5DD2642D1036E9004C3465 /* SlotPokerGameServerUITests */ = {
			isa = PBXFileSystemSynchronizedRootGroup;
			path = SlotPokerGameServerUITests;
			sourceTree = "<group>";
		};
/* End PBXFileSystemSynchronizedRootGroup section */

/* Begin PBXFrameworksBuildPhase section */
		6F5DD2442D1036E7004C3465 /* Frameworks */ = {
			isa = PBXFrameworksBuildPhase;
			buildActionMask = 2147483647;
			files = (
			);
			runOnlyForDeploymentPostprocessing = 0;
		};
		6F5DD2542D1036E9004C3465 /* Frameworks */ = {
			isa = PBXFrameworksBuildPhase;
			buildActionMask = 2147483647;
			files = (
			);
			runOnlyForDeploymentPostprocessing = 0;
		};
		6F5DD25E2D1036E9004C3465 /* Frameworks */ = {
			isa = PBXFrameworksBuildPhase;
			buildActionMask = 2147483647;
			files = (
			);
			runOnlyForDeploymentPostprocessing = 0;
		};
/* End PBXFrameworksBuildPhase section */

/* Begin PBXGroup section */
		6F5DD23E2D1036E7004C3465 = {
			isa = PBXGroup;
			children = (
				6F5DD2492D1036E7004C3465 /* SlotPokerGameServer */,
				6F5DD25A2D1036E9004C3465 /* SlotPokerGameServerTests */,
				6F5DD2642D1036E9004C3465 /* SlotPokerGameServerUITests */,
				6F5DD2482D1036E7004C3465 /* Products */,
			);
			sourceTree = "<group>";
		};
		6F5DD2482D1036E7004C3465 /* Products */ = {
			isa = PBXGroup;
			children = (
				6F5DD2472D1036E7004C3465 /* SlotPokerGameServer.app */,
				6F5DD2572D1036E9004C3465 /* SlotPokerGameServerTests.xctest */,
				6F5DD2612D1036E9004C3465 /* SlotPokerGameServerUITests.xctest */,
			);
			name = Products;
			sourceTree = "<group>";
		};
/* End PBXGroup section */

/* Begin PBXNativeTarget section */
		6F5DD2462D1036E7004C3465 /* SlotPokerGameServer */ = {
			isa = PBXNativeTarget;
			buildConfigurationList = 6F5DD26B2D1036E9004C3465 /* Build configuration list for PBXNativeTarget "SlotPokerGameServer" */;
			buildPhases = (
				6F5DD2432D1036E7004C3465 /* Sources */,
				6F5DD2442D1036E7004C3465 /* Frameworks */,
				6F5DD2452D1036E7004C3465 /* Resources */,
			);
			buildRules = (
			);
			dependencies = (
			);
			fileSystemSynchronizedGroups = (
				6F5DD2492D1036E7004C3465 /* SlotPokerGameServer */,
			);
			name = SlotPokerGameServer;
			packageProductDependencies = (
			);
			productName = SlotPokerGameServer;
			productReference = 6F5DD2472D1036E7004C3465 /* SlotPokerGameServer.app */;
			productType = "com.apple.product-type.application";
		};
		6F5DD2562D1036E9004C3465 /* SlotPokerGameServerTests */ = {
			isa = PBXNativeTarget;
			buildConfigurationList = 6F5DD26E2D1036E9004C3465 /* Build configuration list for PBXNativeTarget "SlotPokerGameServerTests" */;
			buildPhases = (
				6F5DD2532D1036E9004C3465 /* Sources */,
				6F5DD2542D1036E9004C3465 /* Frameworks */,
				6F5DD2552D1036E9004C3465 /* Resources */,
			);
			buildRules = (
			);
			dependencies = (
				6F5DD2592D1036E9004C3465 /* PBXTargetDependency */,
			);
			fileSystemSynchronizedGroups = (
				6F5DD25A2D1036E9004C3465 /* SlotPokerGameServerTests */,
			);
			name = SlotPokerGameServerTests;
			packageProductDependencies = (
			);
			productName = SlotPokerGameServerTests;
			productReference = 6F5DD2572D1036E9004C3465 /* SlotPokerGameServerTests.xctest */;
			productType = "com.apple.product-type.bundle.unit-test";
		};
		6F5DD2602D1036E9004C3465 /* SlotPokerGameServerUITests */ = {
			isa = PBXNativeTarget;
			buildConfigurationList = 6F5DD2712D1036E9004C3465 /* Build configuration list for PBXNativeTarget "SlotPokerGameServerUITests" */;
			buildPhases = (
				6F5DD25D2D1036E9004C3465 /* Sources */,
				6F5DD25E2D1036E9004C3465 /* Frameworks */,
				6F5DD25F2D1036E9004C3465 /* Resources */,
			);
			buildRules = (
			);
			dependencies = (
				6F5DD2632D1036E9004C3465 /* PBXTargetDependency */,
			);
			fileSystemSynchronizedGroups = (
				6F5DD2642D1036E9004C3465 /* SlotPokerGameServerUITests */,
			);
			name = SlotPokerGameServerUITests;
			packageProductDependencies = (
			);
			productName = SlotPokerGameServerUITests;
			productReference = 6F5DD2612D1036E9004C3465 /* SlotPokerGameServerUITests.xctest */;
			productType = "com.apple.product-type.bundle.ui-testing";
		};
/* End PBXNativeTarget section */

/* Begin PBXProject section */
		6F5DD23F2D1036E7004C3465 /* Project object */ = {
			isa = PBXProject;
			attributes = {
				BuildIndependentTargetsInParallel = 1;
				LastSwiftUpdateCheck = 1620;
				LastUpgradeCheck = 1620;
				TargetAttributes = {
					6F5DD2462D1036E7004C3465 = {
						CreatedOnToolsVersion = 16.2;
					};
					6F5DD2562D1036E9004C3465 = {
						CreatedOnToolsVersion = 16.2;
						TestTargetID = 6F5DD2462D1036E7004C3465;
					};
					6F5DD2602D1036E9004C3465 = {
						CreatedOnToolsVersion = 16.2;
						TestTargetID = 6F5DD2462D1036E7004C3465;
					};
				};
			};
			buildConfigurationList = 6F5DD2422D1036E7004C3465 /* Build configuration list for PBXProject "SlotPokerGameServer" */;
			developmentRegion = en;
			hasScannedForEncodings = 0;
			knownRegions = (
				en,
				Base,
			);
			mainGroup = 6F5DD23E2D1036E7004C3465;
			minimizedProjectReferenceProxies = 1;
			preferredProjectObjectVersion = 77;
			productRefGroup = 6F5DD2482D1036E7004C3465 /* Products */;
			projectDirPath = "";
			projectRoot = "";
			targets = (
				6F5DD2462D1036E7004C3465 /* SlotPokerGameServer */,
				6F5DD2562D1036E9004C3465 /* SlotPokerGameServerTests */,
				6F5DD2602D1036E9004C3465 /* SlotPokerGameServerUITests */,
			);
		};
/* End PBXProject section */

/* Begin PBXResourcesBuildPhase section */
		6F5DD2452D1036E7004C3465 /* Resources */ = {
			isa = PBXResourcesBuildPhase;
			buildActionMask = 2147483647;
			files = (
			);
			runOnlyForDeploymentPostprocessing = 0;
		};
		6F5DD2552D1036E9004C3465 /* Resources */ = {
			isa = PBXResourcesBuildPhase;
			buildActionMask = 2147483647;
			files = (
			);
			runOnlyForDeploymentPostprocessing = 0;
		};
		6F5DD25F2D1036E9004C3465 /* Resources */ = {
			isa = PBXResourcesBuildPhase;
			buildActionMask = 2147483647;
			files = (
			);
			runOnlyForDeploymentPostprocessing = 0;
		};
/* End PBXResourcesBuildPhase section */

/* Begin PBXSourcesBuildPhase section */
		6F5DD2432D1036E7004C3465 /* Sources */ = {
			isa = PBXSourcesBuildPhase;
			buildActionMask = 2147483647;
			files = (
			);
			runOnlyForDeploymentPostprocessing = 0;
		};
		6F5DD2532D1036E9004C3465 /* Sources */ = {
			isa = PBXSourcesBuildPhase;
			buildActionMask = 2147483647;
			files = (
			);
			runOnlyForDeploymentPostprocessing = 0;
		};
		6F5DD25D2D1036E9004C3465 /* Sources */ = {
			isa = PBXSourcesBuildPhase;
			buildActionMask = 2147483647;
			files = (
			);
			runOnlyForDeploymentPostprocessing = 0;
		};
/* End PBXSourcesBuildPhase section */

/* Begin PBXTargetDependency section */
		6F5DD2592D1036E9004C3465 /* PBXTargetDependency */ = {
			isa = PBXTargetDependency;
			target = 6F5DD2462D1036E7004C3465 /* SlotPokerGameServer */;
			targetProxy = 6F5DD2582D1036E9004C3465 /* PBXContainerItemProxy */;
		};
		6F5DD2632D1036E9004C3465 /* PBXTargetDependency */ = {
			isa = PBXTargetDependency;
			target = 6F5DD2462D1036E7004C3465 /* SlotPokerGameServer */;
			targetProxy = 6F5DD2622D1036E9004C3465 /* PBXContainerItemProxy */;
		};
/* End PBXTargetDependency section */

/* Begin XCBuildConfiguration section */
		6F5DD2692D1036E9004C3465 /* Debug */ = {
			isa = XCBuildConfiguration;
			buildSettings = {
				ALWAYS_SEARCH_USER_PATHS = NO;
				ASSETCATALOG_COMPILER_GENERATE_SWIFT_ASSET_SYMBOL_EXTENSIONS = YES;
				CLANG_ANALYZER_NONNULL = YES;
				CLANG_ANALYZER_NUMBER_OBJECT_CONVERSION = YES_AGGRESSIVE;
				CLANG_CXX_LANGUAGE_STANDARD = "gnu++20";
				CLANG_ENABLE_MODULES = YES;
				CLANG_ENABLE_OBJC_ARC = YES;
				CLANG_ENABLE_OBJC_WEAK = YES;
				CLANG_WARN_BLOCK_CAPTURE_AUTORELEASING = YES;
				CLANG_WARN_BOOL_CONVERSION = YES;
				CLANG_WARN_COMMA = YES;
				CLANG_WARN_CONSTANT_CONVERSION = YES;
				CLANG_WARN_DEPRECATED_OBJC_IMPLEMENTATIONS = YES;
				CLANG_WARN_DIRECT_OBJC_ISA_USAGE = YES_ERROR;
				CLANG_WARN_DOCUMENTATION_COMMENTS = YES;
				CLANG_WARN_EMPTY_BODY = YES;
				CLANG_WARN_ENUM_CONVERSION = YES;
				CLANG_WARN_INFINITE_RECURSION = YES;
				CLANG_WARN_INT_CONVERSION = YES;
				CLANG_WARN_NON_LITERAL_NULL_CONVERSION = YES;
				CLANG_WARN_OBJC_IMPLICIT_RETAIN_SELF = YES;
				CLANG_WARN_OBJC_LITERAL_CONVERSION = YES;
				CLANG_WARN_OBJC_ROOT_CLASS = YES_ERROR;
				CLANG_WARN_QUOTED_INCLUDE_IN_FRAMEWORK_HEADER = YES;
				CLANG_WARN_RANGE_LOOP_ANALYSIS = YES;
				CLANG_WARN_STRICT_PROTOTYPES = YES;
				CLANG_WARN_SUSPICIOUS_MOVE = YES;
				CLANG_WARN_UNGUARDED_AVAILABILITY = YES_AGGRESSIVE;
				CLANG_WARN_UNREACHABLE_CODE = YES;
				CLANG_WARN__DUPLICATE_METHOD_MATCH = YES;
				COPY_PHASE_STRIP = NO;
				DEBUG_INFORMATION_FORMAT = dwarf;
				ENABLE_STRICT_OBJC_MSGSEND = YES;
				ENABLE_TESTABILITY = YES;
				ENABLE_USER_SCRIPT_SANDBOXING = YES;
				GCC_C_LANGUAGE_STANDARD = gnu17;
				GCC_DYNAMIC_NO_PIC = NO;
				GCC_NO_COMMON_BLOCKS = YES;
				GCC_OPTIMIZATION_LEVEL = 0;
				GCC_PREPROCESSOR_DEFINITIONS = (
					"DEBUG=1",
					"$(inherited)",
				);
				GCC_WARN_64_TO_32_BIT_CONVERSION = YES;
				GCC_WARN_ABOUT_RETURN_TYPE = YES_ERROR;
				GCC_WARN_UNDECLARED_SELECTOR = YES;
				GCC_WARN_UNINITIALIZED_AUTOS = YES_AGGRESSIVE;
				GCC_WARN_UNUSED_FUNCTION = YES;
				GCC_WARN_UNUSED_VARIABLE = YES;
				IPHONEOS_DEPLOYMENT_TARGET = 18.2;
				LOCALIZATION_PREFERS_STRING_CATALOGS = YES;
				MTL_ENABLE_DEBUG_INFO = INCLUDE_SOURCE;
				MTL_FAST_MATH = YES;
				ONLY_ACTIVE_ARCH = YES;
				SDKROOT = iphoneos;
				SWIFT_ACTIVE_COMPILATION_CONDITIONS = "DEBUG $(inherited)";
				SWIFT_OPTIMIZATION_LEVEL = "-Onone";
			};
			name = Debug;
		};
		6F5DD26A2D1036E9004C3465 /* Release */ = {
			isa = XCBuildConfiguration;
			buildSettings = {
				ALWAYS_SEARCH_USER_PATHS = NO;
				ASSETCATALOG_COMPILER_GENERATE_SWIFT_ASSET_SYMBOL_EXTENSIONS = YES;
				CLANG_ANALYZER_NONNULL = YES;
				CLANG_ANALYZER_NUMBER_OBJECT_CONVERSION = YES_AGGRESSIVE;
				CLANG_CXX_LANGUAGE_STANDARD = "gnu++20";
				CLANG_ENABLE_MODULES = YES;
				CLANG_ENABLE_OBJC_ARC = YES;
				CLANG_ENABLE_OBJC_WEAK = YES;
				CLANG_WARN_BLOCK_CAPTURE_AUTORELEASING = YES;
				CLANG_WARN_BOOL_CONVERSION = YES;
				CLANG_WARN_COMMA = YES;
				CLANG_WARN_CONSTANT_CONVERSION = YES;
				CLANG_WARN_DEPRECATED_OBJC_IMPLEMENTATIONS = YES;
				CLANG_WARN_DIRECT_OBJC_ISA_USAGE = YES_ERROR;
				CLANG_WARN_DOCUMENTATION_COMMENTS = YES;
				CLANG_WARN_EMPTY_BODY = YES;
				CLANG_WARN_ENUM_CONVERSION = YES;
				CLANG_WARN_INFINITE_RECURSION = YES;
				CLANG_WARN_INT_CONVERSION = YES;
				CLANG_WARN_NON_LITERAL_NULL_CONVERSION = YES;
				CLANG_WARN_OBJC_IMPLICIT_RETAIN_SELF = YES;
				CLANG_WARN_OBJC_LITERAL_CONVERSION = YES;
				CLANG_WARN_OBJC_ROOT_CLASS = YES_ERROR;
				CLANG_WARN_QUOTED_INCLUDE_IN_FRAMEWORK_HEADER = YES;
				CLANG_WARN_RANGE_LOOP_ANALYSIS = YES;
				CLANG_WARN_STRICT_PROTOTYPES = YES;
				CLANG_WARN_SUSPICIOUS_MOVE = YES;
				CLANG_WARN_UNGUARDED_AVAILABILITY = YES_AGGRESSIVE;
				CLANG_WARN_UNREACHABLE_CODE = YES;
				CLANG_WARN__DUPLICATE_METHOD_MATCH = YES;
				COPY_PHASE_STRIP = NO;
				DEBUG_INFORMATION_FORMAT = "dwarf-with-dsym";
				ENABLE_NS_ASSERTIONS = NO;
				ENABLE_STRICT_OBJC_MSGSEND = YES;
				ENABLE_USER_SCRIPT_SANDBOXING = YES;
				GCC_C_LANGUAGE_STANDARD = gnu17;
				GCC_NO_COMMON_BLOCKS = YES;
				GCC_WARN_64_TO_32_BIT_CONVERSION = YES;
				GCC_WARN_ABOUT_RETURN_TYPE = YES_ERROR;
				GCC_WARN_UNDECLARED_SELECTOR = YES;
				GCC_WARN_UNINITIALIZED_AUTOS = YES_AGGRESSIVE;
				GCC_WARN_UNUSED_FUNCTION = YES;
				GCC_WARN_UNUSED_VARIABLE = YES;
				IPHONEOS_DEPLOYMENT_TARGET = 18.2;
				LOCALIZATION_PREFERS_STRING_CATALOGS = YES;
				MTL_ENABLE_DEBUG_INFO = NO;
				MTL_FAST_MATH = YES;
				SDKROOT = iphoneos;
				SWIFT_COMPILATION_MODE = wholemodule;
				VALIDATE_PRODUCT = YES;
			};
			name = Release;
		};
		6F5DD26C2D1036E9004C3465 /* Debug */ = {
			isa = XCBuildConfiguration;
			buildSettings = {
				ASSETCATALOG_COMPILER_APPICON_NAME = AppIcon;
				ASSETCATALOG_COMPILER_GLOBAL_ACCENT_COLOR_NAME = AccentColor;
				CODE_SIGN_STYLE = Automatic;
				CURRENT_PROJECT_VERSION = 1;
				DEVELOPMENT_ASSET_PATHS = "\"SlotPokerGameServer/Preview Content\"";
				ENABLE_PREVIEWS = YES;
				GENERATE_INFOPLIST_FILE = YES;
				INFOPLIST_KEY_UIApplicationSceneManifest_Generation = YES;
				INFOPLIST_KEY_UIApplicationSupportsIndirectInputEvents = YES;
				INFOPLIST_KEY_UILaunchScreen_Generation = YES;
				INFOPLIST_KEY_UISupportedInterfaceOrientations_iPad = "UIInterfaceOrientationPortrait UIInterfaceOrientationPortraitUpsideDown UIInterfaceOrientationLandscapeLeft UIInterfaceOrientationLandscapeRight";
				INFOPLIST_KEY_UISupportedInterfaceOrientations_iPhone = "UIInterfaceOrientationPortrait UIInterfaceOrientationLandscapeLeft UIInterfaceOrientationLandscapeRight";
				LD_RUNPATH_SEARCH_PATHS = (
					"$(inherited)",
					"@executable_path/Frameworks",
				);
				MARKETING_VERSION = 1.0;
				PRODUCT_BUNDLE_IDENTIFIER = com.dennis.SlotPokerGameServer;
				PRODUCT_NAME = "$(TARGET_NAME)";
				SWIFT_EMIT_LOC_STRINGS = YES;
				SWIFT_VERSION = 5.0;
				TARGETED_DEVICE_FAMILY = "1,2";
			};
			name = Debug;
		};
		6F5DD26D2D1036E9004C3465 /* Release */ = {
			isa = XCBuildConfiguration;
			buildSettings = {
				ASSETCATALOG_COMPILER_APPICON_NAME = AppIcon;
				ASSETCATALOG_COMPILER_GLOBAL_ACCENT_COLOR_NAME = AccentColor;
				CODE_SIGN_STYLE = Automatic;
				CURRENT_PROJECT_VERSION = 1;
				DEVELOPMENT_ASSET_PATHS = "\"SlotPokerGameServer/Preview Content\"";
				ENABLE_PREVIEWS = YES;
				GENERATE_INFOPLIST_FILE = YES;
				INFOPLIST_KEY_UIApplicationSceneManifest_Generation = YES;
				INFOPLIST_KEY_UIApplicationSupportsIndirectInputEvents = YES;
				INFOPLIST_KEY_UILaunchScreen_Generation = YES;
				INFOPLIST_KEY_UISupportedInterfaceOrientations_iPad = "UIInterfaceOrientationPortrait UIInterfaceOrientationPortraitUpsideDown UIInterfaceOrientationLandscapeLeft UIInterfaceOrientationLandscapeRight";
				INFOPLIST_KEY_UISupportedInterfaceOrientations_iPhone = "UIInterfaceOrientationPortrait UIInterfaceOrientationLandscapeLeft UIInterfaceOrientationLandscapeRight";
				LD_RUNPATH_SEARCH_PATHS = (
					"$(inherited)",
					"@executable_path/Frameworks",
				);
				MARKETING_VERSION = 1.0;
				PRODUCT_BUNDLE_IDENTIFIER = com.dennis.SlotPokerGameServer;
				PRODUCT_NAME = "$(TARGET_NAME)";
				SWIFT_EMIT_LOC_STRINGS = YES;
				SWIFT_VERSION = 5.0;
				TARGETED_DEVICE_FAMILY = "1,2";
			};
			name = Release;
		};
		6F5DD26F2D1036E9004C3465 /* Debug */ = {
			isa = XCBuildConfiguration;
			buildSettings = {
				BUNDLE_LOADER = "$(TEST_HOST)";
				CODE_SIGN_STYLE = Automatic;
				CURRENT_PROJECT_VERSION = 1;
				GENERATE_INFOPLIST_FILE = YES;
				IPHONEOS_DEPLOYMENT_TARGET = 18.2;
				MARKETING_VERSION = 1.0;
				PRODUCT_BUNDLE_IDENTIFIER = com.dennis.SlotPokerGameServerTests;
				PRODUCT_NAME = "$(TARGET_NAME)";
				SWIFT_EMIT_LOC_STRINGS = NO;
				SWIFT_VERSION = 5.0;
				TARGETED_DEVICE_FAMILY = "1,2";
				TEST_HOST = "$(BUILT_PRODUCTS_DIR)/SlotPokerGameServer.app/$(BUNDLE_EXECUTABLE_FOLDER_PATH)/SlotPokerGameServer";
			};
			name = Debug;
		};
		6F5DD2702D1036E9004C3465 /* Release */ = {
			isa = XCBuildConfiguration;
			buildSettings = {
				BUNDLE_LOADER = "$(TEST_HOST)";
				CODE_SIGN_STYLE = Automatic;
				CURRENT_PROJECT_VERSION = 1;
				GENERATE_INFOPLIST_FILE = YES;
				IPHONEOS_DEPLOYMENT_TARGET = 18.2;
				MARKETING_VERSION = 1.0;
				PRODUCT_BUNDLE_IDENTIFIER = com.dennis.SlotPokerGameServerTests;
				PRODUCT_NAME = "$(TARGET_NAME)";
				SWIFT_EMIT_LOC_STRINGS = NO;
				SWIFT_VERSION = 5.0;
				TARGETED_DEVICE_FAMILY = "1,2";
				TEST_HOST = "$(BUILT_PRODUCTS_DIR)/SlotPokerGameServer.app/$(BUNDLE_EXECUTABLE_FOLDER_PATH)/SlotPokerGameServer";
			};
			name = Release;
		};
		6F5DD2722D1036E9004C3465 /* Debug */ = {
			isa = XCBuildConfiguration;
			buildSettings = {
				CODE_SIGN_STYLE = Automatic;
				CURRENT_PROJECT_VERSION = 1;
				GENERATE_INFOPLIST_FILE = YES;
				MARKETING_VERSION = 1.0;
				PRODUCT_BUNDLE_IDENTIFIER = com.dennis.SlotPokerGameServerUITests;
				PRODUCT_NAME = "$(TARGET_NAME)";
				SWIFT_EMIT_LOC_STRINGS = NO;
				SWIFT_VERSION = 5.0;
				TARGETED_DEVICE_FAMILY = "1,2";
				TEST_TARGET_NAME = SlotPokerGameServer;
			};
			name = Debug;
		};
		6F5DD2732D1036E9004C3465 /* Release */ = {
			isa = XCBuildConfiguration;
			buildSettings = {
				CODE_SIGN_STYLE = Automatic;
				CURRENT_PROJECT_VERSION = 1;
				GENERATE_INFOPLIST_FILE = YES;
				MARKETING_VERSION = 1.0;
				PRODUCT_BUNDLE_IDENTIFIER = com.dennis.SlotPokerGameServerUITests;
				PRODUCT_NAME = "$(TARGET_NAME)";
				SWIFT_EMIT_LOC_STRINGS = NO;
				SWIFT_VERSION = 5.0;
				TARGETED_DEVICE_FAMILY = "1,2";
				TEST_TARGET_NAME = SlotPokerGameServer;
			};
			name = Release;
		};
/* End XCBuildConfiguration section */

/* Begin XCConfigurationList section */
		6F5DD2422D1036E7004C3465 /* Build configuration list for PBXProject "SlotPokerGameServer" */ = {
			isa = XCConfigurationList;
			buildConfigurations = (
				6F5DD2692D1036E9004C3465 /* Debug */,
				6F5DD26A2D1036E9004C3465 /* Release */,
			);
			defaultConfigurationIsVisible = 0;
			defaultConfigurationName = Release;
		};
		6F5DD26B2D1036E9004C3465 /* Build configuration list for PBXNativeTarget "SlotPokerGameServer" */ = {
			isa = XCConfigurationList;
			buildConfigurations = (
				6F5DD26C2D1036E9004C3465 /* Debug */,
				6F5DD26D2D1036E9004C3465 /* Release */,
			);
			defaultConfigurationIsVisible = 0;
			defaultConfigurationName = Release;
		};
		6F5DD26E2D1036E9004C3465 /* Build configuration list for PBXNativeTarget "SlotPokerGameServerTests" */ = {
			isa = XCConfigurationList;
			buildConfigurations = (
				6F5DD26F2D1036E9004C3465 /* Debug */,
				6F5DD2702D1036E9004C3465 /* Release */,
			);
			defaultConfigurationIsVisible = 0;
			defaultConfigurationName = Release;
		};
		6F5DD2712D1036E9004C3465 /* Build configuration list for PBXNativeTarget "SlotPokerGameServerUITests" */ = {
			isa = XCConfigurationList;
			buildConfigurations = (
				6F5DD2722D1036E9004C3465 /* Debug */,
				6F5DD2732D1036E9004C3465 /* Release */,
			);
			defaultConfigurationIsVisible = 0;
			defaultConfigurationName = Release;
		};
/* End XCConfigurationList section */
	};
	rootObject = 6F5DD23F2D1036E7004C3465 /* Project object */;
}
